
Microsoft Visual Studio Solution File, Format Version 12.00
# Visual Studio Version 17
VisualStudioVersion = 17.4.33213.308
MinimumVisualStudioVersion = 10.0.40219.1
Project("{FAE04EC0-301F-11D3-BF4B-00C04F79EFBC}") = "SignalRDemo3ytEFC", "SignalRDemo3ytEFC\SignalRDemo3ytEFC.csproj", "{8B9985AC-5682-4CCB-8FAD-27486E20514E}"
EndProject
Global
	GlobalSection(SolutionConfigurationPlatforms) = preSolution
		Debug|Any CPU = Debug|Any CPU
		Release|Any CPU = Release|Any CPU
	EndGlobalSection
	GlobalSection(ProjectConfigurationPlatforms) = postSolution
		{8B9985AC-5682-4CCB-8FAD-27486E20514E}.Debug|Any CPU.ActiveCfg = Debug|Any CPU
		{8B9985AC-5682-4CCB-8FAD-27486E20514E}.Debug|Any CPU.Build.0 = Debug|Any CPU
		{8B9985AC-5682-4CCB-8FAD-27486E20514E}.Release|Any CPU.ActiveCfg = Release|Any CPU
		{8B9985AC-5682-4CCB-8FAD-27486E20514E}.Release|Any CPU.Build.0 = Release|Any CPU
	EndGlobalSection
	GlobalSection(SolutionProperties) = preSolution
		HideSolutionNode = FALSE
	EndGlobalSection
	GlobalSection(ExtensibilityGlobals) = postSolution
		SolutionGuid = {5F0E2815-271C-4136-8C9F-DFDAB903A947}
	EndGlobalSection
EndGlobal
